// !$*UTF8*$!
{
	archiveVersion = 1;
	classes = {
	};
	objectVersion = 77;
	objects = {

/* Begin PBXContainerItemProxy section */
		A7247F552D8E06F7009D8DC8 /* PBXContainerItemProxy */ = {
			isa = PBXContainerItemProxy;
			containerPortal = A7247F3B2D8E06F5009D8DC8 /* Project object */;
			proxyType = 1;
			remoteGlobalIDString = A7247F422D8E06F5009D8DC8;
			remoteInfo = WebMirror;
		};
		A7247F5F2D8E06F7009D8DC8 /* PBXContainerItemProxy */ = {
			isa = PBXContainerItemProxy;
			containerPortal = A7247F3B2D8E06F5009D8DC8 /* Project object */;
			proxyType = 1;
			remoteGlobalIDString = A7247F422D8E06F5009D8DC8;
			remoteInfo = WebMirror;
		};
/* End PBXContainerItemProxy section */

/* Begin PBXFileReference section */
		A7247F432D8E06F5009D8DC8 /* WebMirror.app */ = {isa = PBXFileReference; explicitFileType = wrapper.application; includeInIndex = 0; path = WebMirror.app; sourceTree = BUILT_PRODUCTS_DIR; };
		A7247F542D8E06F7009D8DC8 /* WebMirrorTests.xctest */ = {isa = PBXFileReference; explicitFileType = wrapper.cfbundle; includeInIndex = 0; path = WebMirrorTests.xctest; sourceTree = BUILT_PRODUCTS_DIR; };
		A7247F5E2D8E06F7009D8DC8 /* WebMirrorUITests.xctest */ = {isa = PBXFileReference; explicitFileType = wrapper.cfbundle; includeInIndex = 0; path = WebMirrorUITests.xctest; sourceTree = BUILT_PRODUCTS_DIR; };
/* End PBXFileReference section */

/* Begin PBXFileSystemSynchronizedRootGroup section */
		A7247F452D8E06F5009D8DC8 /* WebMirror */ = {
			isa = PBXFileSystemSynchronizedRootGroup;
			path = WebMirror;
			sourceTree = "<group>";
		};
		A7247F572D8E06F7009D8DC8 /* WebMirrorTests */ = {
			isa = PBXFileSystemSynchronizedRootGroup;
			path = WebMirrorTests;
			sourceTree = "<group>";
		};
		A7247F612D8E06F7009D8DC8 /* WebMirrorUITests */ = {
			isa = PBXFileSystemSynchronizedRootGroup;
			path = WebMirrorUITests;
			sourceTree = "<group>";
		};
/* End PBXFileSystemSynchronizedRootGroup section */

/* Begin PBXFrameworksBuildPhase section */
		A7247F402D8E06F5009D8DC8 /* Frameworks */ = {
			isa = PBXFrameworksBuildPhase;
			buildActionMask = 2147483647;
			files = (
			);
			runOnlyForDeploymentPostprocessing = 0;
		};
		A7247F512D8E06F7009D8DC8 /* Frameworks */ = {
			isa = PBXFrameworksBuildPhase;
			buildActionMask = 2147483647;
			files = (
			);
			runOnlyForDeploymentPostprocessing = 0;
		};
		A7247F5B2D8E06F7009D8DC8 /* Frameworks */ = {
			isa = PBXFrameworksBuildPhase;
			buildActionMask = 2147483647;
			files = (
			);
			runOnlyForDeploymentPostprocessing = 0;
		};
/* End PBXFrameworksBuildPhase section */

/* Begin PBXGroup section */
		A7247F3A2D8E06F5009D8DC8 = {
			isa = PBXGroup;
			children = (
				A7247F452D8E06F5009D8DC8 /* WebMirror */,
				A7247F572D8E06F7009D8DC8 /* WebMirrorTests */,
				A7247F612D8E06F7009D8DC8 /* WebMirrorUITests */,
				A7247F442D8E06F5009D8DC8 /* Products */,
			);
			sourceTree = "<group>";
		};
		A7247F442D8E06F5009D8DC8 /* Products */ = {
			isa = PBXGroup;
			children = (
				A7247F432D8E06F5009D8DC8 /* WebMirror.app */,
				A7247F542D8E06F7009D8DC8 /* WebMirrorTests.xctest */,
				A7247F5E2D8E06F7009D8DC8 /* WebMirrorUITests.xctest */,
			);
			name = Products;
			sourceTree = "<group>";
		};
/* End PBXGroup section */

/* Begin PBXNativeTarget section */
		A7247F422D8E06F5009D8DC8 /* WebMirror */ = {
			isa = PBXNativeTarget;
			buildConfigurationList = A7247F682D8E06F8009D8DC8 /* Build configuration list for PBXNativeTarget "WebMirror" */;
			buildPhases = (
				A7247F3F2D8E06F5009D8DC8 /* Sources */,
				A7247F402D8E06F5009D8DC8 /* Frameworks */,
				A7247F412D8E06F5009D8DC8 /* Resources */,
			);
			buildRules = (
			);
			dependencies = (
			);
			fileSystemSynchronizedGroups = (
				A7247F452D8E06F5009D8DC8 /* WebMirror */,
			);
			name = WebMirror;
			packageProductDependencies = (
			);
			productName = WebMirror;
			productReference = A7247F432D8E06F5009D8DC8 /* WebMirror.app */;
			productType = "com.apple.product-type.application";
		};
		A7247F532D8E06F7009D8DC8 /* WebMirrorTests */ = {
			isa = PBXNativeTarget;
			buildConfigurationList = A7247F6B2D8E06F8009D8DC8 /* Build configuration list for PBXNativeTarget "WebMirrorTests" */;
			buildPhases = (
				A7247F502D8E06F7009D8DC8 /* Sources */,
				A7247F512D8E06F7009D8DC8 /* Frameworks */,
				A7247F522D8E06F7009D8DC8 /* Resources */,
			);
			buildRules = (
			);
			dependencies = (
				A7247F562D8E06F7009D8DC8 /* PBXTargetDependency */,
			);
			fileSystemSynchronizedGroups = (
				A7247F572D8E06F7009D8DC8 /* WebMirrorTests */,
			);
			name = WebMirrorTests;
			packageProductDependencies = (
			);
			productName = WebMirrorTests;
			productReference = A7247F542D8E06F7009D8DC8 /* WebMirrorTests.xctest */;
			productType = "com.apple.product-type.bundle.unit-test";
		};
		A7247F5D2D8E06F7009D8DC8 /* WebMirrorUITests */ = {
			isa = PBXNativeTarget;
			buildConfigurationList = A7247F6E2D8E06F8009D8DC8 /* Build configuration list for PBXNativeTarget "WebMirrorUITests" */;
			buildPhases = (
				A7247F5A2D8E06F7009D8DC8 /* Sources */,
				A7247F5B2D8E06F7009D8DC8 /* Frameworks */,
				A7247F5C2D8E06F7009D8DC8 /* Resources */,
			);
			buildRules = (
			);
			dependencies = (
				A7247F602D8E06F7009D8DC8 /* PBXTargetDependency */,
			);
			fileSystemSynchronizedGroups = (
				A7247F612D8E06F7009D8DC8 /* WebMirrorUITests */,
			);
			name = WebMirrorUITests;
			packageProductDependencies = (
			);
			productName = WebMirrorUITests;
			productReference = A7247F5E2D8E06F7009D8DC8 /* WebMirrorUITests.xctest */;
			productType = "com.apple.product-type.bundle.ui-testing";
		};
/* End PBXNativeTarget section */

/* Begin PBXProject section */
		A7247F3B2D8E06F5009D8DC8 /* Project object */ = {
			isa = PBXProject;
			attributes = {
				BuildIndependentTargetsInParallel = 1;
				LastSwiftUpdateCheck = 1620;
				LastUpgradeCheck = 1620;
				TargetAttributes = {
					A7247F422D8E06F5009D8DC8 = {
						CreatedOnToolsVersion = 16.2;
					};
					A7247F532D8E06F7009D8DC8 = {
						CreatedOnToolsVersion = 16.2;
						TestTargetID = A7247F422D8E06F5009D8DC8;
					};
					A7247F5D2D8E06F7009D8DC8 = {
						CreatedOnToolsVersion = 16.2;
						TestTargetID = A7247F422D8E06F5009D8DC8;
					};
				};
			};
			buildConfigurationList = A7247F3E2D8E06F5009D8DC8 /* Build configuration list for PBXProject "WebMirror" */;
			developmentRegion = en;
			hasScannedForEncodings = 0;
			knownRegions = (
				en,
				Base,
			);
			mainGroup = A7247F3A2D8E06F5009D8DC8;
			minimizedProjectReferenceProxies = 1;
			preferredProjectObjectVersion = 77;
			productRefGroup = A7247F442D8E06F5009D8DC8 /* Products */;
			projectDirPath = "";
			projectRoot = "";
			targets = (
				A7247F422D8E06F5009D8DC8 /* WebMirror */,
				A7247F532D8E06F7009D8DC8 /* WebMirrorTests */,
				A7247F5D2D8E06F7009D8DC8 /* WebMirrorUITests */,
			);
		};
/* End PBXProject section */

/* Begin PBXResourcesBuildPhase section */
		A7247F412D8E06F5009D8DC8 /* Resources */ = {
			isa = PBXResourcesBuildPhase;
			buildActionMask = 2147483647;
			files = (
			);
			runOnlyForDeploymentPostprocessing = 0;
		};
		A7247F522D8E06F7009D8DC8 /* Resources */ = {
			isa = PBXResourcesBuildPhase;
			buildActionMask = 2147483647;
			files = (
			);
			runOnlyForDeploymentPostprocessing = 0;
		};
		A7247F5C2D8E06F7009D8DC8 /* Resources */ = {
			isa = PBXResourcesBuildPhase;
			buildActionMask = 2147483647;
			files = (
			);
			runOnlyForDeploymentPostprocessing = 0;
		};
/* End PBXResourcesBuildPhase section */

/* Begin PBXSourcesBuildPhase section */
		A7247F3F2D8E06F5009D8DC8 /* Sources */ = {
			isa = PBXSourcesBuildPhase;
			buildActionMask = 2147483647;
			files = (
			);
			runOnlyForDeploymentPostprocessing = 0;
		};
		A7247F502D8E06F7009D8DC8 /* Sources */ = {
			isa = PBXSourcesBuildPhase;
			buildActionMask = 2147483647;
			files = (
			);
			runOnlyForDeploymentPostprocessing = 0;
		};
		A7247F5A2D8E06F7009D8DC8 /* Sources */ = {
			isa = PBXSourcesBuildPhase;
			buildActionMask = 2147483647;
			files = (
			);
			runOnlyForDeploymentPostprocessing = 0;
		};
/* End PBXSourcesBuildPhase section */

/* Begin PBXTargetDependency section */
		A7247F562D8E06F7009D8DC8 /* PBXTargetDependency */ = {
			isa = PBXTargetDependency;
			target = A7247F422D8E06F5009D8DC8 /* WebMirror */;
			targetProxy = A7247F552D8E06F7009D8DC8 /* PBXContainerItemProxy */;
		};
		A7247F602D8E06F7009D8DC8 /* PBXTargetDependency */ = {
			isa = PBXTargetDependency;
			target = A7247F422D8E06F5009D8DC8 /* WebMirror */;
			targetProxy = A7247F5F2D8E06F7009D8DC8 /* PBXContainerItemProxy */;
		};
/* End PBXTargetDependency section */

/* Begin XCBuildConfiguration section */
		A7247F662D8E06F8009D8DC8 /* Debug */ = {
			isa = XCBuildConfiguration;
			buildSettings = {
				ALWAYS_SEARCH_USER_PATHS = NO;
				ASSETCATALOG_COMPILER_GENERATE_SWIFT_ASSET_SYMBOL_EXTENSIONS = YES;
				CLANG_ANALYZER_NONNULL = YES;
				CLANG_ANALYZER_NUMBER_OBJECT_CONVERSION = YES_AGGRESSIVE;
				CLANG_CXX_LANGUAGE_STANDARD = "gnu++20";
				CLANG_ENABLE_MODULES = YES;
				CLANG_ENABLE_OBJC_ARC = YES;
				CLANG_ENABLE_OBJC_WEAK = YES;
				CLANG_WARN_BLOCK_CAPTURE_AUTORELEASING = YES;
				CLANG_WARN_BOOL_CONVERSION = YES;
				CLANG_WARN_COMMA = YES;
				CLANG_WARN_CONSTANT_CONVERSION = YES;
				CLANG_WARN_DEPRECATED_OBJC_IMPLEMENTATIONS = YES;
				CLANG_WARN_DIRECT_OBJC_ISA_USAGE = YES_ERROR;
				CLANG_WARN_DOCUMENTATION_COMMENTS = YES;
				CLANG_WARN_EMPTY_BODY = YES;
				CLANG_WARN_ENUM_CONVERSION = YES;
				CLANG_WARN_INFINITE_RECURSION = YES;
				CLANG_WARN_INT_CONVERSION = YES;
				CLANG_WARN_NON_LITERAL_NULL_CONVERSION = YES;
				CLANG_WARN_OBJC_IMPLICIT_RETAIN_SELF = YES;
				CLANG_WARN_OBJC_LITERAL_CONVERSION = YES;
				CLANG_WARN_OBJC_ROOT_CLASS = YES_ERROR;
				CLANG_WARN_QUOTED_INCLUDE_IN_FRAMEWORK_HEADER = YES;
				CLANG_WARN_RANGE_LOOP_ANALYSIS = YES;
				CLANG_WARN_STRICT_PROTOTYPES = YES;
				CLANG_WARN_SUSPICIOUS_MOVE = YES;
				CLANG_WARN_UNGUARDED_AVAILABILITY = YES_AGGRESSIVE;
				CLANG_WARN_UNREACHABLE_CODE = YES;
				CLANG_WARN__DUPLICATE_METHOD_MATCH = YES;
				COPY_PHASE_STRIP = NO;
				DEBUG_INFORMATION_FORMAT = dwarf;
				ENABLE_STRICT_OBJC_MSGSEND = YES;
				ENABLE_TESTABILITY = YES;
				ENABLE_USER_SCRIPT_SANDBOXING = YES;
				GCC_C_LANGUAGE_STANDARD = gnu17;
				GCC_DYNAMIC_NO_PIC = NO;
				GCC_NO_COMMON_BLOCKS = YES;
				GCC_OPTIMIZATION_LEVEL = 0;
				GCC_PREPROCESSOR_DEFINITIONS = (
					"DEBUG=1",
					"$(inherited)",
				);
				GCC_WARN_64_TO_32_BIT_CONVERSION = YES;
				GCC_WARN_ABOUT_RETURN_TYPE = YES_ERROR;
				GCC_WARN_UNDECLARED_SELECTOR = YES;
				GCC_WARN_UNINITIALIZED_AUTOS = YES_AGGRESSIVE;
				GCC_WARN_UNUSED_FUNCTION = YES;
				GCC_WARN_UNUSED_VARIABLE = YES;
				LOCALIZATION_PREFERS_STRING_CATALOGS = YES;
				MACOSX_DEPLOYMENT_TARGET = 15.2;
				MTL_ENABLE_DEBUG_INFO = INCLUDE_SOURCE;
				MTL_FAST_MATH = YES;
				ONLY_ACTIVE_ARCH = YES;
				SDKROOT = macosx;
				SWIFT_ACTIVE_COMPILATION_CONDITIONS = "DEBUG $(inherited)";
				SWIFT_OPTIMIZATION_LEVEL = "-Onone";
			};
			name = Debug;
		};
		A7247F672D8E06F8009D8DC8 /* Release */ = {
			isa = XCBuildConfiguration;
			buildSettings = {
				ALWAYS_SEARCH_USER_PATHS = NO;
				ASSETCATALOG_COMPILER_GENERATE_SWIFT_ASSET_SYMBOL_EXTENSIONS = YES;
				CLANG_ANALYZER_NONNULL = YES;
				CLANG_ANALYZER_NUMBER_OBJECT_CONVERSION = YES_AGGRESSIVE;
				CLANG_CXX_LANGUAGE_STANDARD = "gnu++20";
				CLANG_ENABLE_MODULES = YES;
				CLANG_ENABLE_OBJC_ARC = YES;
				CLANG_ENABLE_OBJC_WEAK = YES;
				CLANG_WARN_BLOCK_CAPTURE_AUTORELEASING = YES;
				CLANG_WARN_BOOL_CONVERSION = YES;
				CLANG_WARN_COMMA = YES;
				CLANG_WARN_CONSTANT_CONVERSION = YES;
				CLANG_WARN_DEPRECATED_OBJC_IMPLEMENTATIONS = YES;
				CLANG_WARN_DIRECT_OBJC_ISA_USAGE = YES_ERROR;
				CLANG_WARN_DOCUMENTATION_COMMENTS = YES;
				CLANG_WARN_EMPTY_BODY = YES;
				CLANG_WARN_ENUM_CONVERSION = YES;
				CLANG_WARN_INFINITE_RECURSION = YES;
				CLANG_WARN_INT_CONVERSION = YES;
				CLANG_WARN_NON_LITERAL_NULL_CONVERSION = YES;
				CLANG_WARN_OBJC_IMPLICIT_RETAIN_SELF = YES;
				CLANG_WARN_OBJC_LITERAL_CONVERSION = YES;
				CLANG_WARN_OBJC_ROOT_CLASS = YES_ERROR;
				CLANG_WARN_QUOTED_INCLUDE_IN_FRAMEWORK_HEADER = YES;
				CLANG_WARN_RANGE_LOOP_ANALYSIS = YES;
				CLANG_WARN_STRICT_PROTOTYPES = YES;
				CLANG_WARN_SUSPICIOUS_MOVE = YES;
				CLANG_WARN_UNGUARDED_AVAILABILITY = YES_AGGRESSIVE;
				CLANG_WARN_UNREACHABLE_CODE = YES;
				CLANG_WARN__DUPLICATE_METHOD_MATCH = YES;
				COPY_PHASE_STRIP = NO;
				DEBUG_INFORMATION_FORMAT = "dwarf-with-dsym";
				ENABLE_NS_ASSERTIONS = NO;
				ENABLE_STRICT_OBJC_MSGSEND = YES;
				ENABLE_USER_SCRIPT_SANDBOXING = YES;
				GCC_C_LANGUAGE_STANDARD = gnu17;
				GCC_NO_COMMON_BLOCKS = YES;
				GCC_WARN_64_TO_32_BIT_CONVERSION = YES;
				GCC_WARN_ABOUT_RETURN_TYPE = YES_ERROR;
				GCC_WARN_UNDECLARED_SELECTOR = YES;
				GCC_WARN_UNINITIALIZED_AUTOS = YES_AGGRESSIVE;
				GCC_WARN_UNUSED_FUNCTION = YES;
				GCC_WARN_UNUSED_VARIABLE = YES;
				LOCALIZATION_PREFERS_STRING_CATALOGS = YES;
				MACOSX_DEPLOYMENT_TARGET = 15.2;
				MTL_ENABLE_DEBUG_INFO = NO;
				MTL_FAST_MATH = YES;
				SDKROOT = macosx;
				SWIFT_COMPILATION_MODE = wholemodule;
			};
			name = Release;
		};
		A7247F692D8E06F8009D8DC8 /* Debug */ = {
			isa = XCBuildConfiguration;
			buildSettings = {
				ASSETCATALOG_COMPILER_APPICON_NAME = AppIcon;
				ASSETCATALOG_COMPILER_GLOBAL_ACCENT_COLOR_NAME = AccentColor;
				CODE_SIGN_ENTITLEMENTS = WebMirror/WebMirror.entitlements;
				CODE_SIGN_STYLE = Automatic;
				COMBINE_HIDPI_IMAGES = YES;
				CURRENT_PROJECT_VERSION = 1;
				DEVELOPMENT_ASSET_PATHS = "\"WebMirror/Preview Content\"";
				DEVELOPMENT_TEAM = N9Z25H5L44;
				ENABLE_HARDENED_RUNTIME = YES;
				ENABLE_PREVIEWS = YES;
				GENERATE_INFOPLIST_FILE = YES;
				INFOPLIST_KEY_NSHumanReadableCopyright = "";
				LD_RUNPATH_SEARCH_PATHS = (
					"$(inherited)",
					"@executable_path/../Frameworks",
				);
				MARKETING_VERSION = 1.0;
				PRODUCT_BUNDLE_IDENTIFIER = "Leonardo-Munarolo.WebMirror";
				PRODUCT_NAME = "$(TARGET_NAME)";
				SWIFT_EMIT_LOC_STRINGS = YES;
				SWIFT_VERSION = 5.0;
			};
			name = Debug;
		};
		A7247F6A2D8E06F8009D8DC8 /* Release */ = {
			isa = XCBuildConfiguration;
			buildSettings = {
				ASSETCATALOG_COMPILER_APPICON_NAME = AppIcon;
				ASSETCATALOG_COMPILER_GLOBAL_ACCENT_COLOR_NAME = AccentColor;
				CODE_SIGN_ENTITLEMENTS = WebMirror/WebMirror.entitlements;
				CODE_SIGN_STYLE = Automatic;
				COMBINE_HIDPI_IMAGES = YES;
				CURRENT_PROJECT_VERSION = 1;
				DEVELOPMENT_ASSET_PATHS = "\"WebMirror/Preview Content\"";
				DEVELOPMENT_TEAM = N9Z25H5L44;
				ENABLE_HARDENED_RUNTIME = YES;
				ENABLE_PREVIEWS = YES;
				GENERATE_INFOPLIST_FILE = YES;
				INFOPLIST_KEY_NSHumanReadableCopyright = "";
				LD_RUNPATH_SEARCH_PATHS = (
					"$(inherited)",
					"@executable_path/../Frameworks",
				);
				MARKETING_VERSION = 1.0;
				PRODUCT_BUNDLE_IDENTIFIER = "Leonardo-Munarolo.WebMirror";
				PRODUCT_NAME = "$(TARGET_NAME)";
				SWIFT_EMIT_LOC_STRINGS = YES;
				SWIFT_VERSION = 5.0;
			};
			name = Release;
		};
		A7247F6C2D8E06F8009D8DC8 /* Debug */ = {
			isa = XCBuildConfiguration;
			buildSettings = {
				BUNDLE_LOADER = "$(TEST_HOST)";
				CODE_SIGN_STYLE = Automatic;
				CURRENT_PROJECT_VERSION = 1;
				DEVELOPMENT_TEAM = N9Z25H5L44;
				GENERATE_INFOPLIST_FILE = YES;
				MACOSX_DEPLOYMENT_TARGET = 15.2;
				MARKETING_VERSION = 1.0;
				PRODUCT_BUNDLE_IDENTIFIER = "Leonardo-Munarolo.WebMirrorTests";
				PRODUCT_NAME = "$(TARGET_NAME)";
				SWIFT_EMIT_LOC_STRINGS = NO;
				SWIFT_VERSION = 5.0;
				TEST_HOST = "$(BUILT_PRODUCTS_DIR)/WebMirror.app/$(BUNDLE_EXECUTABLE_FOLDER_PATH)/WebMirror";
			};
			name = Debug;
		};
		A7247F6D2D8E06F8009D8DC8 /* Release */ = {
			isa = XCBuildConfiguration;
			buildSettings = {
				BUNDLE_LOADER = "$(TEST_HOST)";
				CODE_SIGN_STYLE = Automatic;
				CURRENT_PROJECT_VERSION = 1;
				DEVELOPMENT_TEAM = N9Z25H5L44;
				GENERATE_INFOPLIST_FILE = YES;
				MACOSX_DEPLOYMENT_TARGET = 15.2;
				MARKETING_VERSION = 1.0;
				PRODUCT_BUNDLE_IDENTIFIER = "Leonardo-Munarolo.WebMirrorTests";
				PRODUCT_NAME = "$(TARGET_NAME)";
				SWIFT_EMIT_LOC_STRINGS = NO;
				SWIFT_VERSION = 5.0;
				TEST_HOST = "$(BUILT_PRODUCTS_DIR)/WebMirror.app/$(BUNDLE_EXECUTABLE_FOLDER_PATH)/WebMirror";
			};
			name = Release;
		};
		A7247F6F2D8E06F8009D8DC8 /* Debug */ = {
			isa = XCBuildConfiguration;
			buildSettings = {
				CODE_SIGN_STYLE = Automatic;
				CURRENT_PROJECT_VERSION = 1;
				DEVELOPMENT_TEAM = N9Z25H5L44;
				GENERATE_INFOPLIST_FILE = YES;
				MARKETING_VERSION = 1.0;
				PRODUCT_BUNDLE_IDENTIFIER = "Leonardo-Munarolo.WebMirrorUITests";
				PRODUCT_NAME = "$(TARGET_NAME)";
				SWIFT_EMIT_LOC_STRINGS = NO;
				SWIFT_VERSION = 5.0;
				TEST_TARGET_NAME = WebMirror;
			};
			name = Debug;
		};
		A7247F702D8E06F8009D8DC8 /* Release */ = {
			isa = XCBuildConfiguration;
			buildSettings = {
				CODE_SIGN_STYLE = Automatic;
				CURRENT_PROJECT_VERSION = 1;
				DEVELOPMENT_TEAM = N9Z25H5L44;
				GENERATE_INFOPLIST_FILE = YES;
				MARKETING_VERSION = 1.0;
				PRODUCT_BUNDLE_IDENTIFIER = "Leonardo-Munarolo.WebMirrorUITests";
				PRODUCT_NAME = "$(TARGET_NAME)";
				SWIFT_EMIT_LOC_STRINGS = NO;
				SWIFT_VERSION = 5.0;
				TEST_TARGET_NAME = WebMirror;
			};
			name = Release;
		};
/* End XCBuildConfiguration section */

/* Begin XCConfigurationList section */
		A7247F3E2D8E06F5009D8DC8 /* Build configuration list for PBXProject "WebMirror" */ = {
			isa = XCConfigurationList;
			buildConfigurations = (
				A7247F662D8E06F8009D8DC8 /* Debug */,
				A7247F672D8E06F8009D8DC8 /* Release */,
			);
			defaultConfigurationIsVisible = 0;
			defaultConfigurationName = Release;
		};
		A7247F682D8E06F8009D8DC8 /* Build configuration list for PBXNativeTarget "WebMirror" */ = {
			isa = XCConfigurationList;
			buildConfigurations = (
				A7247F692D8E06F8009D8DC8 /* Debug */,
				A7247F6A2D8E06F8009D8DC8 /* Release */,
			);
			defaultConfigurationIsVisible = 0;
			defaultConfigurationName = Release;
		};
		A7247F6B2D8E06F8009D8DC8 /* Build configuration list for PBXNativeTarget "WebMirrorTests" */ = {
			isa = XCConfigurationList;
			buildConfigurations = (
				A7247F6C2D8E06F8009D8DC8 /* Debug */,
				A7247F6D2D8E06F8009D8DC8 /* Release */,
			);
			defaultConfigurationIsVisible = 0;
			defaultConfigurationName = Release;
		};
		A7247F6E2D8E06F8009D8DC8 /* Build configuration list for PBXNativeTarget "WebMirrorUITests" */ = {
			isa = XCConfigurationList;
			buildConfigurations = (
				A7247F6F2D8E06F8009D8DC8 /* Debug */,
				A7247F702D8E06F8009D8DC8 /* Release */,
			);
			defaultConfigurationIsVisible = 0;
			defaultConfigurationName = Release;
		};
/* End XCConfigurationList section */
	};
	rootObject = A7247F3B2D8E06F5009D8DC8 /* Project object */;
}
